
Microsoft Visual Studio Solution File, Format Version 12.00
# Visual Studio Version 16
VisualStudioVersion = 16.0.29728.190
MinimumVisualStudioVersion = 15.0.26124.0
Project("{9A19103F-16F7-4668-BE54-9A1E7A4F7556}") = "Dragablz", "Dragablz\Dragablz.csproj", "{A606D95A-97BB-48EF-8795-74F85A2D0DAB}"
EndProject
Project("{9A19103F-16F7-4668-BE54-9A1E7A4F7556}") = "MTest", "MTest\MTest.csproj", "{C0549029-B67F-4EE2-A203-DE10BA07A68D}"
EndProject
Global
	GlobalSection(SolutionConfigurationPlatforms) = preSolution
		Debug|Any CPU = Debug|Any CPU
		Release|Any CPU = Release|Any CPU
	EndGlobalSection
	GlobalSection(ProjectConfigurationPlatforms) = postSolution
		{A606D95A-97BB-48EF-8795-74F85A2D0DAB}.Debug|Any CPU.ActiveCfg = Debug|Any CPU
		{A606D95A-97BB-48EF-8795-74F85A2D0DAB}.Debug|Any CPU.Build.0 = Debug|Any CPU
		{A606D95A-97BB-48EF-8795-74F85A2D0DAB}.Release|Any CPU.ActiveCfg = Release|Any CPU
		{A606D95A-97BB-48EF-8795-74F85A2D0DAB}.Release|Any CPU.Build.0 = Release|Any CPU
		{C0549029-B67F-4EE2-A203-DE10BA07A68D}.Debug|Any CPU.ActiveCfg = Debug|Any CPU
		{C0549029-B67F-4EE2-A203-DE10BA07A68D}.Debug|Any CPU.Build.0 = Debug|Any CPU
		{C0549029-B67F-4EE2-A203-DE10BA07A68D}.Release|Any CPU.ActiveCfg = Release|Any CPU
		{C0549029-B67F-4EE2-A203-DE10BA07A68D}.Release|Any CPU.Build.0 = Release|Any CPU
	EndGlobalSection
	GlobalSection(SolutionProperties) = preSolution
		HideSolutionNode = FALSE
	EndGlobalSection
	GlobalSection(ExtensibilityGlobals) = postSolution
		SolutionGuid = {C8830C12-6A0F-476C-B174-08D608A26B08}
	EndGlobalSection
EndGlobal
